<Solution>
  <Folder Name="/Database/">
    <Project Path="Database/IntegratorAI.Database/IntegratorAI.Database.sqlproj" Id="b54ba1df-13ff-4300-ae4b-787ebc889269">
      <Build />
      <Deploy />
    </Project>
    <Project Path="Database/IntegratorAI.DbMigrator/IntegratorAI.DbMigrator.csproj" />
  </Folder>
  <Folder Name="/Deployment/" />
  <Folder Name="/Deployment/Docker/">
    <File Path="Deployment/Docker/docker-compose.yml" />
  </Folder>
  <Folder Name="/Deployment/Docker/Dockerfiles/">
    <File Path="Deployment/Docker/Dockerfiles/IntegratorAI.Api.Dockerfile" />
    <File Path="Deployment/Docker/Dockerfiles/IntegratorAI.DbMigrator.Dockerfile" />
  </Folder>
  <Folder Name="/Deployment/Scripts/">
    <File Path="Deployment/Scripts/resolve-config.sh" />
  </Folder>
  <Folder Name="/Source/" />
  <Folder Name="/Source/BuildingBlocks/">
    <Project Path="Source/BuildingBlocks/IntegratorAI.BuildingBlocks.Application/IntegratorAI.BuildingBlocks.Application.csproj" Id="7864d8e3-31b9-461d-8709-e76939849aa1" />
    <Project Path="Source/BuildingBlocks/IntegratorAI.BuildingBlocks.Domain/IntegratorAI.BuildingBlocks.Domain.csproj" />
    <Project Path="Source/BuildingBlocks/IntegratorAI.BuildingBlocks.Infrastructure/IntegratorAI.BuildingBlocks.Infrastructure.csproj" Id="4f1eb331-972b-4102-b623-5640e9785e6e" />
    <Project Path="Source/BuildingBlocks/IntegratorAI.BuildingBlocks.Persistence/IntegratorAI.BuildingBlocks.Persistence.csproj" Id="561cfc72-edf3-485c-a6c3-ff9337a512da" />
  </Folder>
  <Folder Name="/Source/Chat/">
    <Project Path="Source/Chat/IntegratorAI.Chat.Application/IntegratorAI.Chat.Application.csproj" Id="7784b8c2-5c08-4613-bd4c-315f5a9f1966" />
    <Project Path="Source/Chat/IntegratorAI.Chat.Contracts/IntegratorAI.Chat.Contracts.csproj" Id="f179d3f7-4a8b-425e-84c6-04bc22c7df3d" />
    <Project Path="Source/Chat/IntegratorAI.Chat.Domain/IntegratorAI.Chat.Domain.csproj" Id="0e6f5687-3026-4f12-85a2-08e2bc192102" />
    <Project Path="Source/Chat/IntegratorAI.Chat.Infrastructure/IntegratorAI.Chat.Infrastructure.csproj" Id="36fcad67-51ad-4777-b3b2-21a6f383ee7e" />
    <Project Path="Source/Chat/IntegratorAI.Chat.Persistance/IntegratorAI.Chat.Persistence.csproj" Id="7a39ed66-16cf-413a-bf87-8b134dbc8f11" />
  </Folder>
  <Folder Name="/Source/Context/">
    <Project Path="Source/Context/IntegratorAI.Context.Application/IntegratorAI.Context.Application.csproj" Id="721f4425-991e-4af9-a5e5-87018516cb99" />
    <Project Path="Source/Context/IntegratorAI.Context.Contracts/IntegratorAI.Context.Contracts.csproj" Id="3473dc2b-fce1-4723-b4d3-1b829e1d9b2f" />
    <Project Path="Source/Context/IntegratorAI.Context.Domain/IntegratorAI.Context.Domain.csproj" Id="43e2e61d-bc9c-486d-96ef-02f0e5adbbde" />
    <Project Path="Source/Context/IntegratorAI.Context.Infrastructure/IntegratorAI.Context.Infrastructure.csproj" Id="26053511-cfa5-4c9c-9fff-b208e38c8ae4" />
    <Project Path="Source/Context/IntegratorAI.Context.Persistence/IntegratorAI.Context.Persistence.csproj" Id="72a3c80f-c5d9-44f4-b4cd-df66e33e478f" />
  </Folder>
  <Folder Name="/Source/Integrator/">
    <Project Path="Source/Integrator/IntegratorAI.Api.Contracts/IntegratorAI.Api.Contracts.csproj" Id="31e8acf8-c87e-4056-a02e-44be574a14aa" />
    <Project Path="Source/Integrator/IntegratorAI.Api/IntegratorAI.Api.csproj" Id="32e7a007-cab0-4273-b994-f670884b52bb" />
  </Folder>
  <Folder Name="/Source/Providers/">
    <Project Path="Source/Providers/IntegratorAI.Providers.Contracts/IntegratorAI.Providers.Contracts.csproj" Id="ea8f21ed-ffa4-409d-8fdc-b851c57a22ad" />
    <Project Path="Source/Providers/IntegratorAI.Providers.Domain/IntegratorAI.Providers.Domain.csproj" Id="8a7de9ef-fe9e-4ec0-8de2-3f65f00fffc8" />
    <Project Path="Source/Providers/IntegratorAI.Providers.Infrastructure/IntegratorAI.Providers.Infrastructure.csproj" Id="04fbe009-ac04-4747-a9f7-561eeec2142b" />
    <Project Path="Source/Providers/IntegratorAI.Providers.Persistance/IntegratorAI.Providers.Persistence.csproj" Id="78d9b996-de96-41f4-9a0a-928cc4583855" />
  </Folder>
  <Folder Name="/Tests/" />
  <Folder Name="/Tests/BuildingBlocks/">
    <Project Path="Tests/BuildingBlocks/IntegratorAI.BuildingBlocks.Common/IntegratorAI.BuildingBlocks.Common.csproj" Id="e059021e-7fa4-47a5-b077-2261a07a9d5f" />
    <Project Path="Tests/BuildingBlocks/IntegratorAI.BuildingBlocks.IntegrationTests/IntegratorAI.BuildingBlocks.IntegrationTests.csproj" Id="b8d719d5-0630-4103-88be-94b827dd8b96" />
    <Project Path="Tests/BuildingBlocks/IntegratorAI.BuildingBlocks.UnitTests/IntegratorAI.BuildingBlocks.UnitTests.csproj" Id="900b9d71-c8a6-40eb-9468-4c7ca1702eef" />
  </Folder>
  <Folder Name="/Tests/Chat/">
    <Project Path="Tests/Chat/IntegratorAi.Chat.IntegrationTests/IntegratorAi.Chat.IntegrationTests.csproj" Id="a1b2c3d4-e5f6-7890-abcd-ef1234567890" />
    <Project Path="Tests/Chat/IntegratorAI.Chat.UnitTests/IntegratorAI.Chat.UnitTests.csproj" Id="b2c3d4e5-f6a7-8901-bcde-f12345678901" />
  </Folder>
  <Folder Name="/Tests/Context/">
    <Project Path="Tests/Context/IntegratorAI.Context.IntegrationTests/IntegratorAI.Context.IntegrationTests.csproj" />
    <Project Path="Tests/Context/IntegratorAI.Context.UnitTests/IntegratorAI.Context.UnitTests.csproj" />
  </Folder>
  <Folder Name="/Tests/Providers/">
    <Project Path="Tests/Providers/IntegratorAI.Providers.IntegrationTests/IntegratorAI.Providers.IntegrationTests.csproj" />
    <Project Path="Tests/Providers/IntegratorAI.Providers.UnitTests/IntegratorAI.Providers.UnitTests.csproj" Id="4d3db3bb-8b44-4e10-be5f-56445a54a07c" />
  </Folder>
</Solution>

